<Solution>
  <Folder Name="/.github/">
    <File Path=".github/copilot-instructions.md" />
  </Folder>
  <Folder Name="/Aspire/">
    <Project Path="Aspire/AppHost.ServiceDefaults/AppHost.ServiceDefaults.csproj" Id="64c91f26-9620-4789-9801-127b0a474441" />
    <Project Path="Aspire/AppHost/AppHost.csproj" Id="e6930de0-f6db-492a-8984-a3471dbbea1c" />
  </Folder>
  <Folder Name="/Pipelines/" />
  <Folder Name="/Viblog.Data/">
    <Project Path="Viblog.Data/Viblog.Data.AzureStorage/Viblog.Data.AzureStorage.csproj" Id="9b7ca11b-8e74-4a4f-9378-1e4984cca577" />
    <Project Path="Viblog.Data/Viblog.Data.CosmosDb/Viblog.Data.CosmosDb.csproj" Id="ba1aca08-92ca-4e0c-956f-cd4df8827ead" />
  </Folder>
  <Project Path="Viblog.Infrastructure/Viblog.Infrastructure.csproj" Id="c636cffb-d7d4-400f-ad80-f08ba8516cb4" />
  <Project Path="Viblog.Tests/Viblog.Tests.csproj" />
  <Project Path="Viblog/Viblog.csproj" />
</Solution>

