<Solution>
  <Folder Name="/Aspire/">
    <Project Path="Aspire/AppHost.ServiceDefaults/AppHost.ServiceDefaults.csproj" Id="64c91f26-9620-4789-9801-127b0a474441" />
    <Project Path="Aspire/AppHost/AppHost.csproj" Id="e6930de0-f6db-492a-8984-a3471dbbea1c" />
  </Folder>
  <Folder Name="/Pipelines/" />
  <Folder Name="/Sample/">
    <Project Path="Sample/EricJohansson.se.Tests/EricJohansson.se.Tests.csproj" Id="453d33c2-d841-4826-a0b1-76a9b8c2df07" />
    <Project Path="Sample/EricJohansson.se/EricJohansson.se.csproj" Id="cde4e174-c7aa-490b-bba7-d153d9624f6f" />
  </Folder>
  <Project Path="Viblog.Tests/Viblog.Tests.csproj" />
  <Project Path="Viblog/Viblog.csproj" />
</Solution>

