<Solution>
  <Folder Name="/.github/">
    <File Path=".github/copilot-instructions.md" />
  </Folder>
  <Folder Name="/Pipelines/" />
  <Folder Name="/Viblog.Data/">
    <Project Path="Viblog.Data/Viblog.Data.AzureStorage/Viblog.Data.AzureStorage.csproj" Id="9b7ca11b-8e74-4a4f-9378-1e4984cca577" />
    <Project Path="Viblog.Data/Viblog.Data.CosmosDb/Viblog.Data.CosmosDb.csproj" Id="ba1aca08-92ca-4e0c-956f-cd4df8827ead" />
    <Project Path="Viblog.Data/Viblog.Data.Filesystem/Viblog.Data.Filesystem.csproj" Id="ac6261d0-a20c-4174-bf3b-af12d7c19761" />
  </Folder>
  <Project Path="Viblog.Infrastructure/Viblog.Infrastructure.csproj" Id="c636cffb-d7d4-400f-ad80-f08ba8516cb4" />
  <Project Path="Viblog.Tests/Viblog.Tests.csproj" />
  <Project Path="Viblog/Viblog.csproj" />
</Solution>

